// !$*UTF8*$!
{
	archiveVersion = 1;
	classes = {
	};
	objectVersion = 46;
	objects = {

/* Begin PBXBuildFile section */
		F6D020C11AFAB53B002D9D77 /* main.c in Sources */ = {isa = PBXBuildFile; fileRef = F6D020C01AFAB53B002D9D77 /* main.c */; };
/* End PBXBuildFile section */

/* Begin PBXCopyFilesBuildPhase section */
		F6D020BB1AFAB53B002D9D77 /* CopyFiles */ = {
			isa = PBXCopyFilesBuildPhase;
			buildActionMask = 2147483647;
			dstPath = /usr/share/man/man1/;
			dstSubfolderSpec = 0;
			files = (
			);
			runOnlyForDeploymentPostprocessing = 1;
		};
/* End PBXCopyFilesBuildPhase section */

/* Begin PBXFileReference section */
		F6D020BD1AFAB53B002D9D77 /* Pointers(Drill) */ = {isa = PBXFileReference; explicitFileType = "compiled.mach-o.executable"; includeInIndex = 0; path = "Pointers(Drill)"; sourceTree = BUILT_PRODUCTS_DIR; };
		F6D020C01AFAB53B002D9D77 /* main.c */ = {isa = PBXFileReference; lastKnownFileType = sourcecode.c.c; path = main.c; sourceTree = "<group>"; };
/* End PBXFileReference section */

/* Begin PBXFrameworksBuildPhase section */
		F6D020BA1AFAB53B002D9D77 /* Frameworks */ = {
			isa = PBXFrameworksBuildPhase;
			buildActionMask = 2147483647;
			files = (
			);
			runOnlyForDeploymentPostprocessing = 0;
		};
/* End PBXFrameworksBuildPhase section */

/* Begin PBXGroup section */
		F6D020B41AFAB53B002D9D77 = {
			isa = PBXGroup;
			children = (
				F6D020BF1AFAB53B002D9D77 /* Pointers(Drill) */,
				F6D020BE1AFAB53B002D9D77 /* Products */,
			);
			sourceTree = "<group>";
		};
		F6D020BE1AFAB53B002D9D77 /* Products */ = {
			isa = PBXGroup;
			children = (
				F6D020BD1AFAB53B002D9D77 /* Pointers(Drill) */,
			);
			name = Products;
			sourceTree = "<group>";
		};
		F6D020BF1AFAB53B002D9D77 /* Pointers(Drill) */ = {
			isa = PBXGroup;
			children = (
				F6D020C01AFAB53B002D9D77 /* main.c */,
			);
			path = "Pointers(Drill)";
			sourceTree = "<group>";
		};
/* End PBXGroup section */

/* Begin PBXNativeTarget section */
		F6D020BC1AFAB53B002D9D77 /* Pointers(Drill) */ = {
			isa = PBXNativeTarget;
			buildConfigurationList = F6D020C41AFAB53B002D9D77 /* Build configuration list for PBXNativeTarget "Pointers(Drill)" */;
			buildPhases = (
				F6D020B91AFAB53B002D9D77 /* Sources */,
				F6D020BA1AFAB53B002D9D77 /* Frameworks */,
				F6D020BB1AFAB53B002D9D77 /* CopyFiles */,
			);
			buildRules = (
			);
			dependencies = (
			);
			name = "Pointers(Drill)";
			productName = "Pointers(Drill)";
			productReference = F6D020BD1AFAB53B002D9D77 /* Pointers(Drill) */;
			productType = "com.apple.product-type.tool";
		};
/* End PBXNativeTarget section */

/* Begin PBXProject section */
		F6D020B51AFAB53B002D9D77 /* Project object */ = {
			isa = PBXProject;
			attributes = {
				LastUpgradeCheck = 0630;
				ORGANIZATIONNAME = "Abegael Jackson";
				TargetAttributes = {
					F6D020BC1AFAB53B002D9D77 = {
						CreatedOnToolsVersion = 6.3;
					};
				};
			};
			buildConfigurationList = F6D020B81AFAB53B002D9D77 /* Build configuration list for PBXProject "Pointers(Drill)" */;
			compatibilityVersion = "Xcode 3.2";
			developmentRegion = English;
			hasScannedForEncodings = 0;
			knownRegions = (
				en,
			);
			mainGroup = F6D020B41AFAB53B002D9D77;
			productRefGroup = F6D020BE1AFAB53B002D9D77 /* Products */;
			projectDirPath = "";
			projectRoot = "";
			targets = (
				F6D020BC1AFAB53B002D9D77 /* Pointers(Drill) */,
			);
		};
/* End PBXProject section */

/* Begin PBXSourcesBuildPhase section */
		F6D020B91AFAB53B002D9D77 /* Sources */ = {
			isa = PBXSourcesBuildPhase;
			buildActionMask = 2147483647;
			files = (
				F6D020C11AFAB53B002D9D77 /* main.c in Sources */,
			);
			runOnlyForDeploymentPostprocessing = 0;
		};
/* End PBXSourcesBuildPhase section */

/* Begin XCBuildConfiguration section */
		F6D020C21AFAB53B002D9D77 /* Debug */ = {
			isa = XCBuildConfiguration;
			buildSettings = {
				ALWAYS_SEARCH_USER_PATHS = NO;
				CLANG_CXX_LANGUAGE_STANDARD = "gnu++0x";
				CLANG_CXX_LIBRARY = "libc++";
				CLANG_ENABLE_MODULES = YES;
				CLANG_ENABLE_OBJC_ARC = YES;
				CLANG_WARN_BOOL_CONVERSION = YES;
				CLANG_WARN_CONSTANT_CONVERSION = YES;
				CLANG_WARN_DIRECT_OBJC_ISA_USAGE = YES_ERROR;
				CLANG_WARN_EMPTY_BODY = YES;
				CLANG_WARN_ENUM_CONVERSION = YES;
				CLANG_WARN_INT_CONVERSION = YES;
				CLANG_WARN_OBJC_ROOT_CLASS = YES_ERROR;
				CLANG_WARN_UNREACHABLE_CODE = YES;
				CLANG_WARN__DUPLICATE_METHOD_MATCH = YES;
				COPY_PHASE_STRIP = NO;
				DEBUG_INFORMATION_FORMAT = dwarf;
				ENABLE_STRICT_OBJC_MSGSEND = YES;
				GCC_C_LANGUAGE_STANDARD = gnu99;
				GCC_DYNAMIC_NO_PIC = NO;
				GCC_NO_COMMON_BLOCKS = YES;
				GCC_OPTIMIZATION_LEVEL = 0;
				GCC_PREPROCESSOR_DEFINITIONS = (
					"DEBUG=1",
					"$(inherited)",
				);
				GCC_SYMBOLS_PRIVATE_EXTERN = NO;
				GCC_WARN_64_TO_32_BIT_CONVERSION = YES;
				GCC_WARN_ABOUT_RETURN_TYPE = YES_ERROR;
				GCC_WARN_UNDECLARED_SELECTOR = YES;
				GCC_WARN_UNINITIALIZED_AUTOS = YES_AGGRESSIVE;
				GCC_WARN_UNUSED_FUNCTION = YES;
				GCC_WARN_UNUSED_VARIABLE = YES;
				MACOSX_DEPLOYMENT_TARGET = 10.10;
				MTL_ENABLE_DEBUG_INFO = YES;
				ONLY_ACTIVE_ARCH = YES;
				SDKROOT = macosx;
			};
			name = Debug;
		};
		F6D020C31AFAB53B002D9D77 /* Release */ = {
			isa = XCBuildConfiguration;
			buildSettings = {
				ALWAYS_SEARCH_USER_PATHS = NO;
				CLANG_CXX_LANGUAGE_STANDARD = "gnu++0x";
				CLANG_CXX_LIBRARY = "libc++";
				CLANG_ENABLE_MODULES = YES;
				CLANG_ENABLE_OBJC_ARC = YES;
				CLANG_WARN_BOOL_CONVERSION = YES;
				CLANG_WARN_CONSTANT_CONVERSION = YES;
				CLANG_WARN_DIRECT_OBJC_ISA_USAGE = YES_ERROR;
				CLANG_WARN_EMPTY_BODY = YES;
				CLANG_WARN_ENUM_CONVERSION = YES;
				CLANG_WARN_INT_CONVERSION = YES;
				CLANG_WARN_OBJC_ROOT_CLASS = YES_ERROR;
				CLANG_WARN_UNREACHABLE_CODE = YES;
				CLANG_WARN__DUPLICATE_METHOD_MATCH = YES;
				COPY_PHASE_STRIP = NO;
				DEBUG_INFORMATION_FORMAT = "dwarf-with-dsym";
				ENABLE_NS_ASSERTIONS = NO;
				ENABLE_STRICT_OBJC_MSGSEND = YES;
				GCC_C_LANGUAGE_STANDARD = gnu99;
				GCC_NO_COMMON_BLOCKS = YES;
				GCC_WARN_64_TO_32_BIT_CONVERSION = YES;
				GCC_WARN_ABOUT_RETURN_TYPE = YES_ERROR;
				GCC_WARN_UNDECLARED_SELECTOR = YES;
				GCC_WARN_UNINITIALIZED_AUTOS = YES_AGGRESSIVE;
				GCC_WARN_UNUSED_FUNCTION = YES;
				GCC_WARN_UNUSED_VARIABLE = YES;
				MACOSX_DEPLOYMENT_TARGET = 10.10;
				MTL_ENABLE_DEBUG_INFO = NO;
				SDKROOT = macosx;
			};
			name = Release;
		};
		F6D020C51AFAB53B002D9D77 /* Debug */ = {
			isa = XCBuildConfiguration;
			buildSettings = {
				PRODUCT_NAME = "$(TARGET_NAME)";
			};
			name = Debug;
		};
		F6D020C61AFAB53B002D9D77 /* Release */ = {
			isa = XCBuildConfiguration;
			buildSettings = {
				PRODUCT_NAME = "$(TARGET_NAME)";
			};
			name = Release;
		};
/* End XCBuildConfiguration section */

/* Begin XCConfigurationList section */
		F6D020B81AFAB53B002D9D77 /* Build configuration list for PBXProject "Pointers(Drill)" */ = {
			isa = XCConfigurationList;
			buildConfigurations = (
				F6D020C21AFAB53B002D9D77 /* Debug */,
				F6D020C31AFAB53B002D9D77 /* Release */,
			);
			defaultConfigurationIsVisible = 0;
			defaultConfigurationName = Release;
		};
		F6D020C41AFAB53B002D9D77 /* Build configuration list for PBXNativeTarget "Pointers(Drill)" */ = {
			isa = XCConfigurationList;
			buildConfigurations = (
				F6D020C51AFAB53B002D9D77 /* Debug */,
				F6D020C61AFAB53B002D9D77 /* Release */,
			);
			defaultConfigurationIsVisible = 0;
		};
/* End XCConfigurationList section */
	};
	rootObject = F6D020B51AFAB53B002D9D77 /* Project object */;
}
